{
  "name": "node-with-gjs-examples",
  "version": "0.0.0",
  "lockfileVersion": 3,
  "requires": true,
  "packages": {
    "": {
      "name": "node-with-gjs-examples",
      "version": "0.0.0",
      "dependencies": {
        "@devscholar/node-with-gjs": "^0.0.1"
      }
    },
    "../node-with-gjs": {
      "name": "@devscholar/node-with-gjs",
      "version": "0.0.1",
      "devDependencies": {
        "@types/node": "^20.0.0",
        "typescript": "^5.0.0"
      }
    },
    "node_modules/@devscholar/node-with-gjs": {
      "resolved": "../node-with-gjs",
      "link": true
    }
  }
}
