{
  "name": "node-with-gjs-examples",
  "version": "0.0.0",
  "lockfileVersion": 3,
  "requires": true,
  "packages": {
    "": {
      "name": "node-with-gjs-examples",
      "version": "0.0.0",
      "dependencies": {
        "@devscholar/node-with-gjs": "file:../node-with-gjs",
        "esbuild": "^0.25.0"
      },
      "devDependencies": {
        "@girs/adw-1": "^1.9.0-4.0.0-beta.38",
        "@girs/gio-2.0": "^2.86.0-4.0.0-beta.38",
        "@girs/giounix-2.0": "^2.0.0-4.0.0-beta.38",
        "@girs/gtk-3.0": "*",
        "@girs/gtk-4.0": "^4.20.1-4.0.0-beta.38",
        "typescript": "^5.0.0"
      },
      "engines": {
        "node": ">=18.0.0"
      }
    },
    "../node-with-gjs": {
      "name": "@devscholar/node-with-gjs",
      "version": "0.0.14",
      "license": "MIT",
      "devDependencies": {
        "@girs/gjs": "^4.0.0-rc.1",
        "@girs/glib-2.0": "^2.88.0-4.0.0-rc.1",
        "@girs/gobject-2.0": "^2.88.0-4.0.0-rc.1",
        "@types/node": "^20.0.0",
        "typescript": "^5.9.3",
        "vitest": "^3.0.0"
      },
      "engines": {
        "node": ">=18.0.0"
      }
    },
    "node_modules/@devscholar/node-with-gjs": {
      "resolved": "../node-with-gjs",
      "link": true
    },
    "node_modules/@esbuild/aix-ppc64": {
      "version": "0.25.0",
      "resolved": "https://registry.npmjs.org/@esbuild/aix-ppc64/-/aix-ppc64-0.25.0.tgz",
      "integrity": "sha512-O7vun9Sf8DFjH2UtqK8Ku3LkquL9SZL8OLY1T5NZkA34+wG3OQF7cl4Ql8vdNzM6fzBbYfLaiRLIOZ+2FOCgBQ==",
      "cpu": [
        "ppc64"
      ],
      "license": "MIT",
      "optional": true,
      "os": [
        "aix"
      ],
      "engines": {
        "node": ">=18"
      }
    },
    "node_modules/@esbuild/android-arm": {
      "version": "0.25.0",
      "resolved": "https://registry.npmjs.org/@esbuild/android-arm/-/android-arm-0.25.0.tgz",
      "integrity": "sha512-PTyWCYYiU0+1eJKmw21lWtC+d08JDZPQ5g+kFyxP0V+es6VPPSUhM6zk8iImp2jbV6GwjX4pap0JFbUQN65X1g==",
      "cpu": [
        "arm"
      ],
      "license": "MIT",
      "optional": true,
      "os": [
        "android"
      ],
      "engines": {
        "node": ">=18"
      }
    },
    "node_modules/@esbuild/android-arm64": {
      "version": "0.25.0",
      "resolved": "https://registry.npmjs.org/@esbuild/android-arm64/-/android-arm64-0.25.0.tgz",
      "integrity": "sha512-grvv8WncGjDSyUBjN9yHXNt+cq0snxXbDxy5pJtzMKGmmpPxeAmAhWxXI+01lU5rwZomDgD3kJwulEnhTRUd6g==",
      "cpu": [
        "arm64"
      ],
      "license": "MIT",
      "optional": true,
      "os": [
        "android"
      ],
      "engines": {
        "node": ">=18"
      }
    },
    "node_modules/@esbuild/android-x64": {
      "version": "0.25.0",
      "resolved": "https://registry.npmjs.org/@esbuild/android-x64/-/android-x64-0.25.0.tgz",
      "integrity": "sha512-m/ix7SfKG5buCnxasr52+LI78SQ+wgdENi9CqyCXwjVR2X4Jkz+BpC3le3AoBPYTC9NHklwngVXvbJ9/Akhrfg==",
      "cpu": [
        "x64"
      ],
      "license": "MIT",
      "optional": true,
      "os": [
        "android"
      ],
      "engines": {
        "node": ">=18"
      }
    },
    "node_modules/@esbuild/darwin-arm64": {
      "version": "0.25.0",
      "resolved": "https://registry.npmjs.org/@esbuild/darwin-arm64/-/darwin-arm64-0.25.0.tgz",
      "integrity": "sha512-mVwdUb5SRkPayVadIOI78K7aAnPamoeFR2bT5nszFUZ9P8UpK4ratOdYbZZXYSqPKMHfS1wdHCJk1P1EZpRdvw==",
      "cpu": [
        "arm64"
      ],
      "license": "MIT",
      "optional": true,
      "os": [
        "darwin"
      ],
      "engines": {
        "node": ">=18"
      }
    },
    "node_modules/@esbuild/darwin-x64": {
      "version": "0.25.0",
      "resolved": "https://registry.npmjs.org/@esbuild/darwin-x64/-/darwin-x64-0.25.0.tgz",
      "integrity": "sha512-DgDaYsPWFTS4S3nWpFcMn/33ZZwAAeAFKNHNa1QN0rI4pUjgqf0f7ONmXf6d22tqTY+H9FNdgeaAa+YIFUn2Rg==",
      "cpu": [
        "x64"
      ],
      "license": "MIT",
      "optional": true,
      "os": [
        "darwin"
      ],
      "engines": {
        "node": ">=18"
      }
    },
    "node_modules/@esbuild/freebsd-arm64": {
      "version": "0.25.0",
      "resolved": "https://registry.npmjs.org/@esbuild/freebsd-arm64/-/freebsd-arm64-0.25.0.tgz",
      "integrity": "sha512-VN4ocxy6dxefN1MepBx/iD1dH5K8qNtNe227I0mnTRjry8tj5MRk4zprLEdG8WPyAPb93/e4pSgi1SoHdgOa4w==",
      "cpu": [
        "arm64"
      ],
      "license": "MIT",
      "optional": true,
      "os": [
        "freebsd"
      ],
      "engines": {
        "node": ">=18"
      }
    },
    "node_modules/@esbuild/freebsd-x64": {
      "version": "0.25.0",
      "resolved": "https://registry.npmjs.org/@esbuild/freebsd-x64/-/freebsd-x64-0.25.0.tgz",
      "integrity": "sha512-mrSgt7lCh07FY+hDD1TxiTyIHyttn6vnjesnPoVDNmDfOmggTLXRv8Id5fNZey1gl/V2dyVK1VXXqVsQIiAk+A==",
      "cpu": [
        "x64"
      ],
      "license": "MIT",
      "optional": true,
      "os": [
        "freebsd"
      ],
      "engines": {
        "node": ">=18"
      }
    },
    "node_modules/@esbuild/linux-arm": {
      "version": "0.25.0",
      "resolved": "https://registry.npmjs.org/@esbuild/linux-arm/-/linux-arm-0.25.0.tgz",
      "integrity": "sha512-vkB3IYj2IDo3g9xX7HqhPYxVkNQe8qTK55fraQyTzTX/fxaDtXiEnavv9geOsonh2Fd2RMB+i5cbhu2zMNWJwg==",
      "cpu": [
        "arm"
      ],
      "license": "MIT",
      "optional": true,
      "os": [
        "linux"
      ],
      "engines": {
        "node": ">=18"
      }
    },
    "node_modules/@esbuild/linux-arm64": {
      "version": "0.25.0",
      "resolved": "https://registry.npmjs.org/@esbuild/linux-arm64/-/linux-arm64-0.25.0.tgz",
      "integrity": "sha512-9QAQjTWNDM/Vk2bgBl17yWuZxZNQIF0OUUuPZRKoDtqF2k4EtYbpyiG5/Dk7nqeK6kIJWPYldkOcBqjXjrUlmg==",
      "cpu": [
        "arm64"
      ],
      "license": "MIT",
      "optional": true,
      "os": [
        "linux"
      ],
      "engines": {
        "node": ">=18"
      }
    },
    "node_modules/@esbuild/linux-ia32": {
      "version": "0.25.0",
      "resolved": "https://registry.npmjs.org/@esbuild/linux-ia32/-/linux-ia32-0.25.0.tgz",
      "integrity": "sha512-43ET5bHbphBegyeqLb7I1eYn2P/JYGNmzzdidq/w0T8E2SsYL1U6un2NFROFRg1JZLTzdCoRomg8Rvf9M6W6Gg==",
      "cpu": [
        "ia32"
      ],
      "license": "MIT",
      "optional": true,
      "os": [
        "linux"
      ],
      "engines": {
        "node": ">=18"
      }
    },
    "node_modules/@esbuild/linux-loong64": {
      "version": "0.25.0",
      "resolved": "https://registry.npmjs.org/@esbuild/linux-loong64/-/linux-loong64-0.25.0.tgz",
      "integrity": "sha512-fC95c/xyNFueMhClxJmeRIj2yrSMdDfmqJnyOY4ZqsALkDrrKJfIg5NTMSzVBr5YW1jf+l7/cndBfP3MSDpoHw==",
      "cpu": [
        "loong64"
      ],
      "license": "MIT",
      "optional": true,
      "os": [
        "linux"
      ],
      "engines": {
        "node": ">=18"
      }
    },
    "node_modules/@esbuild/linux-mips64el": {
      "version": "0.25.0",
      "resolved": "https://registry.npmjs.org/@esbuild/linux-mips64el/-/linux-mips64el-0.25.0.tgz",
      "integrity": "sha512-nkAMFju7KDW73T1DdH7glcyIptm95a7Le8irTQNO/qtkoyypZAnjchQgooFUDQhNAy4iu08N79W4T4pMBwhPwQ==",
      "cpu": [
        "mips64el"
      ],
      "license": "MIT",
      "optional": true,
      "os": [
        "linux"
      ],
      "engines": {
        "node": ">=18"
      }
    },
    "node_modules/@esbuild/linux-ppc64": {
      "version": "0.25.0",
      "resolved": "https://registry.npmjs.org/@esbuild/linux-ppc64/-/linux-ppc64-0.25.0.tgz",
      "integrity": "sha512-NhyOejdhRGS8Iwv+KKR2zTq2PpysF9XqY+Zk77vQHqNbo/PwZCzB5/h7VGuREZm1fixhs4Q/qWRSi5zmAiO4Fw==",
      "cpu": [
        "ppc64"
      ],
      "license": "MIT",
      "optional": true,
      "os": [
        "linux"
      ],
      "engines": {
        "node": ">=18"
      }
    },
    "node_modules/@esbuild/linux-riscv64": {
      "version": "0.25.0",
      "resolved": "https://registry.npmjs.org/@esbuild/linux-riscv64/-/linux-riscv64-0.25.0.tgz",
      "integrity": "sha512-5S/rbP5OY+GHLC5qXp1y/Mx//e92L1YDqkiBbO9TQOvuFXM+iDqUNG5XopAnXoRH3FjIUDkeGcY1cgNvnXp/kA==",
      "cpu": [
        "riscv64"
      ],
      "license": "MIT",
      "optional": true,
      "os": [
        "linux"
      ],
      "engines": {
        "node": ">=18"
      }
    },
    "node_modules/@esbuild/linux-s390x": {
      "version": "0.25.0",
      "resolved": "https://registry.npmjs.org/@esbuild/linux-s390x/-/linux-s390x-0.25.0.tgz",
      "integrity": "sha512-XM2BFsEBz0Fw37V0zU4CXfcfuACMrppsMFKdYY2WuTS3yi8O1nFOhil/xhKTmE1nPmVyvQJjJivgDT+xh8pXJA==",
      "cpu": [
        "s390x"
      ],
      "license": "MIT",
      "optional": true,
      "os": [
        "linux"
      ],
      "engines": {
        "node": ">=18"
      }
    },
    "node_modules/@esbuild/linux-x64": {
      "version": "0.25.0",
      "resolved": "https://registry.npmjs.org/@esbuild/linux-x64/-/linux-x64-0.25.0.tgz",
      "integrity": "sha512-9yl91rHw/cpwMCNytUDxwj2XjFpxML0y9HAOH9pNVQDpQrBxHy01Dx+vaMu0N1CKa/RzBD2hB4u//nfc+Sd3Cw==",
      "cpu": [
        "x64"
      ],
      "license": "MIT",
      "optional": true,
      "os": [
        "linux"
      ],
      "engines": {
        "node": ">=18"
      }
    },
    "node_modules/@esbuild/netbsd-arm64": {
      "version": "0.25.0",
      "resolved": "https://registry.npmjs.org/@esbuild/netbsd-arm64/-/netbsd-arm64-0.25.0.tgz",
      "integrity": "sha512-RuG4PSMPFfrkH6UwCAqBzauBWTygTvb1nxWasEJooGSJ/NwRw7b2HOwyRTQIU97Hq37l3npXoZGYMy3b3xYvPw==",
      "cpu": [
        "arm64"
      ],
      "license": "MIT",
      "optional": true,
      "os": [
        "netbsd"
      ],
      "engines": {
        "node": ">=18"
      }
    },
    "node_modules/@esbuild/netbsd-x64": {
      "version": "0.25.0",
      "resolved": "https://registry.npmjs.org/@esbuild/netbsd-x64/-/netbsd-x64-0.25.0.tgz",
      "integrity": "sha512-jl+qisSB5jk01N5f7sPCsBENCOlPiS/xptD5yxOx2oqQfyourJwIKLRA2yqWdifj3owQZCL2sn6o08dBzZGQzA==",
      "cpu": [
        "x64"
      ],
      "license": "MIT",
      "optional": true,
      "os": [
        "netbsd"
      ],
      "engines": {
        "node": ">=18"
      }
    },
    "node_modules/@esbuild/openbsd-arm64": {
      "version": "0.25.0",
      "resolved": "https://registry.npmjs.org/@esbuild/openbsd-arm64/-/openbsd-arm64-0.25.0.tgz",
      "integrity": "sha512-21sUNbq2r84YE+SJDfaQRvdgznTD8Xc0oc3p3iW/a1EVWeNj/SdUCbm5U0itZPQYRuRTW20fPMWMpcrciH2EJw==",
      "cpu": [
        "arm64"
      ],
      "license": "MIT",
      "optional": true,
      "os": [
        "openbsd"
      ],
      "engines": {
        "node": ">=18"
      }
    },
    "node_modules/@esbuild/openbsd-x64": {
      "version": "0.25.0",
      "resolved": "https://registry.npmjs.org/@esbuild/openbsd-x64/-/openbsd-x64-0.25.0.tgz",
      "integrity": "sha512-2gwwriSMPcCFRlPlKx3zLQhfN/2WjJ2NSlg5TKLQOJdV0mSxIcYNTMhk3H3ulL/cak+Xj0lY1Ym9ysDV1igceg==",
      "cpu": [
        "x64"
      ],
      "license": "MIT",
      "optional": true,
      "os": [
        "openbsd"
      ],
      "engines": {
        "node": ">=18"
      }
    },
    "node_modules/@esbuild/sunos-x64": {
      "version": "0.25.0",
      "resolved": "https://registry.npmjs.org/@esbuild/sunos-x64/-/sunos-x64-0.25.0.tgz",
      "integrity": "sha512-bxI7ThgLzPrPz484/S9jLlvUAHYMzy6I0XiU1ZMeAEOBcS0VePBFxh1JjTQt3Xiat5b6Oh4x7UC7IwKQKIJRIg==",
      "cpu": [
        "x64"
      ],
      "license": "MIT",
      "optional": true,
      "os": [
        "sunos"
      ],
      "engines": {
        "node": ">=18"
      }
    },
    "node_modules/@esbuild/win32-arm64": {
      "version": "0.25.0",
      "resolved": "https://registry.npmjs.org/@esbuild/win32-arm64/-/win32-arm64-0.25.0.tgz",
      "integrity": "sha512-ZUAc2YK6JW89xTbXvftxdnYy3m4iHIkDtK3CLce8wg8M2L+YZhIvO1DKpxrd0Yr59AeNNkTiic9YLf6FTtXWMw==",
      "cpu": [
        "arm64"
      ],
      "license": "MIT",
      "optional": true,
      "os": [
        "win32"
      ],
      "engines": {
        "node": ">=18"
      }
    },
    "node_modules/@esbuild/win32-ia32": {
      "version": "0.25.0",
      "resolved": "https://registry.npmjs.org/@esbuild/win32-ia32/-/win32-ia32-0.25.0.tgz",
      "integrity": "sha512-eSNxISBu8XweVEWG31/JzjkIGbGIJN/TrRoiSVZwZ6pkC6VX4Im/WV2cz559/TXLcYbcrDN8JtKgd9DJVIo8GA==",
      "cpu": [
        "ia32"
      ],
      "license": "MIT",
      "optional": true,
      "os": [
        "win32"
      ],
      "engines": {
        "node": ">=18"
      }
    },
    "node_modules/@esbuild/win32-x64": {
      "version": "0.25.0",
      "resolved": "https://registry.npmjs.org/@esbuild/win32-x64/-/win32-x64-0.25.0.tgz",
      "integrity": "sha512-ZENoHJBxA20C2zFzh6AI4fT6RraMzjYw4xKWemRTRmRVtN9c5DcH9r/f2ihEkMjOW5eGgrwCslG/+Y/3bL+DHQ==",
      "cpu": [
        "x64"
      ],
      "license": "MIT",
      "optional": true,
      "os": [
        "win32"
      ],
      "engines": {
        "node": ">=18"
      }
    },
    "node_modules/@girs/adw-1": {
      "version": "1.9.0-4.0.0-beta.38",
      "resolved": "https://registry.npmmirror.com/@girs/adw-1/-/adw-1-1.9.0-4.0.0-beta.38.tgz",
      "integrity": "sha512-d9tPlKWLpI3gEz72s1G3tX57nNCQjLopOy6I3CNucOmqlF2PFC4f+Ubq8BOMrVFqbTOl/HkAu7vfGuRP+FjHNQ==",
      "dev": true,
      "license": "MIT",
      "dependencies": {
        "@girs/cairo-1.0": "1.0.0-4.0.0-beta.38",
        "@girs/freetype2-2.0": "2.0.0-4.0.0-beta.38",
        "@girs/gdk-4.0": "4.0.0-4.0.0-beta.38",
        "@girs/gdkpixbuf-2.0": "2.0.0-4.0.0-beta.38",
        "@girs/gio-2.0": "2.86.0-4.0.0-beta.38",
        "@girs/gjs": "4.0.0-beta.38",
        "@girs/glib-2.0": "2.86.0-4.0.0-beta.38",
        "@girs/gmodule-2.0": "2.0.0-4.0.0-beta.38",
        "@girs/gobject-2.0": "2.86.0-4.0.0-beta.38",
        "@girs/graphene-1.0": "1.0.0-4.0.0-beta.38",
        "@girs/gsk-4.0": "4.0.0-4.0.0-beta.38",
        "@girs/gtk-4.0": "4.20.1-4.0.0-beta.38",
        "@girs/harfbuzz-0.0": "11.5.0-4.0.0-beta.38",
        "@girs/pango-1.0": "1.57.0-4.0.0-beta.38",
        "@girs/pangocairo-1.0": "1.0.0-4.0.0-beta.38"
      }
    },
    "node_modules/@girs/atk-1.0": {
      "version": "2.60.0-4.0.0-rc.4",
      "resolved": "https://registry.npmjs.org/@girs/atk-1.0/-/atk-1.0-2.60.0-4.0.0-rc.4.tgz",
      "integrity": "sha512-eUpTOwkRK9VUP9ol1KxKA8r1w4fmFGlt3edSzvOK0OUkkZM3KGFgq4pyVgfmfO+lr3AY95YAgze2bVg3PXQuBA==",
      "dev": true,
      "license": "MIT",
      "dependencies": {
        "@girs/gjs": "4.0.0-rc.4",
        "@girs/glib-2.0": "2.88.0-4.0.0-rc.4",
        "@girs/gobject-2.0": "2.88.0-4.0.0-rc.4"
      }
    },
    "node_modules/@girs/atk-1.0/node_modules/@girs/cairo-1.0": {
      "version": "1.0.0-4.0.0-rc.4",
      "resolved": "https://registry.npmjs.org/@girs/cairo-1.0/-/cairo-1.0-1.0.0-4.0.0-rc.4.tgz",
      "integrity": "sha512-qBDdR1OtUnTwFLK1CfbUDzuLy8m3ZjcXGsD0P1NT2AiRVXRKs5gFLaH5iZ2Fxe/2BxeqjTYR8akesFpz1clBsQ==",
      "dev": true,
      "license": "MIT",
      "dependencies": {
        "@girs/gjs": "4.0.0-rc.4",
        "@girs/glib-2.0": "2.88.0-4.0.0-rc.4",
        "@girs/gobject-2.0": "2.88.0-4.0.0-rc.4"
      }
    },
    "node_modules/@girs/atk-1.0/node_modules/@girs/gio-2.0": {
      "version": "2.88.0-4.0.0-rc.4",
      "resolved": "https://registry.npmjs.org/@girs/gio-2.0/-/gio-2.0-2.88.0-4.0.0-rc.4.tgz",
      "integrity": "sha512-mrmtA7VBHKZ7JY6yRL1Z9M0tLNmL4S+7XNcIhTwxRQK0GGysZj5/DfY8JVdWgIJ+k+EYiB9qH3SPJuM/0Q6/sw==",
      "dev": true,
      "license": "MIT",
      "dependencies": {
        "@girs/gjs": "4.0.0-rc.4",
        "@girs/glib-2.0": "2.88.0-4.0.0-rc.4",
        "@girs/gmodule-2.0": "2.0.0-4.0.0-rc.4",
        "@girs/gobject-2.0": "2.88.0-4.0.0-rc.4"
      }
    },
    "node_modules/@girs/atk-1.0/node_modules/@girs/gjs": {
      "version": "4.0.0-rc.4",
      "resolved": "https://registry.npmjs.org/@girs/gjs/-/gjs-4.0.0-rc.4.tgz",
      "integrity": "sha512-+UBaMldArYuoMiPZK3K9mjjl1pSPHl07l9LQoOF5HJeGpejLDXROCUhY3L0SRS1iGRSDp0KX6XXB3D4xuYAX2A==",
      "dev": true,
      "license": "MIT",
      "dependencies": {
        "@girs/cairo-1.0": "1.0.0-4.0.0-rc.4",
        "@girs/gio-2.0": "2.88.0-4.0.0-rc.4",
        "@girs/glib-2.0": "2.88.0-4.0.0-rc.4",
        "@girs/gobject-2.0": "2.88.0-4.0.0-rc.4"
      }
    },
    "node_modules/@girs/atk-1.0/node_modules/@girs/glib-2.0": {
      "version": "2.88.0-4.0.0-rc.4",
      "resolved": "https://registry.npmjs.org/@girs/glib-2.0/-/glib-2.0-2.88.0-4.0.0-rc.4.tgz",
      "integrity": "sha512-0KmxN6FcT9pUdfgyFrQYRlk96WIkhmcN9y1jb5Yt6bDsvh1l5JO4gRjIxuJwf8Ocm7/meOMQ47+U5EMzpzmZJA==",
      "dev": true,
      "license": "MIT",
      "dependencies": {
        "@girs/gjs": "4.0.0-rc.4",
        "@girs/gobject-2.0": "2.88.0-4.0.0-rc.4"
      }
    },
    "node_modules/@girs/atk-1.0/node_modules/@girs/gmodule-2.0": {
      "version": "2.0.0-4.0.0-rc.4",
      "resolved": "https://registry.npmjs.org/@girs/gmodule-2.0/-/gmodule-2.0-2.0.0-4.0.0-rc.4.tgz",
      "integrity": "sha512-nKkQA6xO/B/o6WJrHdG/Tc665tEzY3VvwHUMgrLRmE+QRAULsreAH2AnNlEM2OQf+PqigfaCnYmyTfoD9QsV0Q==",
      "dev": true,
      "license": "MIT",
      "dependencies": {
        "@girs/gjs": "4.0.0-rc.4",
        "@girs/glib-2.0": "2.88.0-4.0.0-rc.4",
        "@girs/gobject-2.0": "2.88.0-4.0.0-rc.4"
      }
    },
    "node_modules/@girs/atk-1.0/node_modules/@girs/gobject-2.0": {
      "version": "2.88.0-4.0.0-rc.4",
      "resolved": "https://registry.npmjs.org/@girs/gobject-2.0/-/gobject-2.0-2.88.0-4.0.0-rc.4.tgz",
      "integrity": "sha512-/5j3sJ3B9jXu/2gflqijASnfQmN9y1rjVf99WfQcJzz1zYxbtuzoZK3C9aHvDnwJtVkuZuwlbt7LbYFLJzBrvw==",
      "dev": true,
      "license": "MIT",
      "dependencies": {
        "@girs/gjs": "4.0.0-rc.4",
        "@girs/glib-2.0": "2.88.0-4.0.0-rc.4"
      }
    },
    "node_modules/@girs/cairo-1.0": {
      "version": "1.0.0-4.0.0-beta.38",
      "resolved": "https://registry.npmmirror.com/@girs/cairo-1.0/-/cairo-1.0-1.0.0-4.0.0-beta.38.tgz",
      "integrity": "sha512-VJa0vw9teZjCydDzWIcbNBwT37MSej52rqwBuQ/ir7+72+7dpzeudkNOOif1nDIulGu+RLAy4cgWbguQhsUH/Q==",
      "dev": true,
      "license": "MIT",
      "dependencies": {
        "@girs/gjs": "4.0.0-beta.38",
        "@girs/glib-2.0": "2.86.0-4.0.0-beta.38",
        "@girs/gobject-2.0": "2.86.0-4.0.0-beta.38"
      }
    },
    "node_modules/@girs/freetype2-2.0": {
      "version": "2.0.0-4.0.0-beta.38",
      "resolved": "https://registry.npmmirror.com/@girs/freetype2-2.0/-/freetype2-2.0-2.0.0-4.0.0-beta.38.tgz",
      "integrity": "sha512-543dlQheKHSVWIatqHNBiLceIWYzIJDXvofR3PfgarKMMi0IRkn1TndzxUxsLC4Eu24KgOKGZYjU1YPUMVGbgg==",
      "dev": true,
      "license": "MIT",
      "dependencies": {
        "@girs/gjs": "4.0.0-beta.38",
        "@girs/gobject-2.0": "2.86.0-4.0.0-beta.38"
      }
    },
    "node_modules/@girs/gdk-3.0": {
      "version": "3.24.53-4.0.0-rc.4",
      "resolved": "https://registry.npmjs.org/@girs/gdk-3.0/-/gdk-3.0-3.24.53-4.0.0-rc.4.tgz",
      "integrity": "sha512-akTxtXTXd1ZccT3y5A0EBUYkU4qLwW8h4atXs7dKZi3DslNc1Mgc443wg3R/dlHSiprLYiRK0ZrOmVVhajmw0A==",
      "dev": true,
      "license": "MIT",
      "dependencies": {
        "@girs/cairo-1.0": "1.0.0-4.0.0-rc.4",
        "@girs/freetype2-2.0": "2.0.0-4.0.0-rc.4",
        "@girs/gdkpixbuf-2.0": "2.0.0-4.0.0-rc.4",
        "@girs/gio-2.0": "2.88.0-4.0.0-rc.4",
        "@girs/gjs": "4.0.0-rc.4",
        "@girs/glib-2.0": "2.88.0-4.0.0-rc.4",
        "@girs/gmodule-2.0": "2.0.0-4.0.0-rc.4",
        "@girs/gobject-2.0": "2.88.0-4.0.0-rc.4",
        "@girs/harfbuzz-0.0": "13.2.1-4.0.0-rc.4",
        "@girs/pango-1.0": "1.57.1-4.0.0-rc.4"
      }
    },
    "node_modules/@girs/gdk-3.0/node_modules/@girs/cairo-1.0": {
      "version": "1.0.0-4.0.0-rc.4",
      "resolved": "https://registry.npmjs.org/@girs/cairo-1.0/-/cairo-1.0-1.0.0-4.0.0-rc.4.tgz",
      "integrity": "sha512-qBDdR1OtUnTwFLK1CfbUDzuLy8m3ZjcXGsD0P1NT2AiRVXRKs5gFLaH5iZ2Fxe/2BxeqjTYR8akesFpz1clBsQ==",
      "dev": true,
      "license": "MIT",
      "dependencies": {
        "@girs/gjs": "4.0.0-rc.4",
        "@girs/glib-2.0": "2.88.0-4.0.0-rc.4",
        "@girs/gobject-2.0": "2.88.0-4.0.0-rc.4"
      }
    },
    "node_modules/@girs/gdk-3.0/node_modules/@girs/freetype2-2.0": {
      "version": "2.0.0-4.0.0-rc.4",
      "resolved": "https://registry.npmjs.org/@girs/freetype2-2.0/-/freetype2-2.0-2.0.0-4.0.0-rc.4.tgz",
      "integrity": "sha512-rONO4ZdSBKb7/InosphsYOqUt6TuE8TBaGU7X/mXhzI/qD8PN3zAcYeZd3GLHqa83WFSiQJgTahsDsnkw4QBIg==",
      "dev": true,
      "license": "MIT",
      "dependencies": {
        "@girs/gjs": "4.0.0-rc.4",
        "@girs/gobject-2.0": "2.88.0-4.0.0-rc.4"
      }
    },
    "node_modules/@girs/gdk-3.0/node_modules/@girs/gdkpixbuf-2.0": {
      "version": "2.0.0-4.0.0-rc.4",
      "resolved": "https://registry.npmjs.org/@girs/gdkpixbuf-2.0/-/gdkpixbuf-2.0-2.0.0-4.0.0-rc.4.tgz",
      "integrity": "sha512-R6v0A8UKUCuHvRuCSMN96cFQ00yB7r7WGTavoYgv7ixIkZZPXovz7WAIFyqjhQCoUQ1gXwcd+d+JDxLsYxg83Q==",
      "dev": true,
      "license": "MIT",
      "dependencies": {
        "@girs/gio-2.0": "2.88.0-4.0.0-rc.4",
        "@girs/gjs": "4.0.0-rc.4",
        "@girs/glib-2.0": "2.88.0-4.0.0-rc.4",
        "@girs/gmodule-2.0": "2.0.0-4.0.0-rc.4",
        "@girs/gobject-2.0": "2.88.0-4.0.0-rc.4"
      }
    },
    "node_modules/@girs/gdk-3.0/node_modules/@girs/gio-2.0": {
      "version": "2.88.0-4.0.0-rc.4",
      "resolved": "https://registry.npmjs.org/@girs/gio-2.0/-/gio-2.0-2.88.0-4.0.0-rc.4.tgz",
      "integrity": "sha512-mrmtA7VBHKZ7JY6yRL1Z9M0tLNmL4S+7XNcIhTwxRQK0GGysZj5/DfY8JVdWgIJ+k+EYiB9qH3SPJuM/0Q6/sw==",
      "dev": true,
      "license": "MIT",
      "dependencies": {
        "@girs/gjs": "4.0.0-rc.4",
        "@girs/glib-2.0": "2.88.0-4.0.0-rc.4",
        "@girs/gmodule-2.0": "2.0.0-4.0.0-rc.4",
        "@girs/gobject-2.0": "2.88.0-4.0.0-rc.4"
      }
    },
    "node_modules/@girs/gdk-3.0/node_modules/@girs/gjs": {
      "version": "4.0.0-rc.4",
      "resolved": "https://registry.npmjs.org/@girs/gjs/-/gjs-4.0.0-rc.4.tgz",
      "integrity": "sha512-+UBaMldArYuoMiPZK3K9mjjl1pSPHl07l9LQoOF5HJeGpejLDXROCUhY3L0SRS1iGRSDp0KX6XXB3D4xuYAX2A==",
      "dev": true,
      "license": "MIT",
      "dependencies": {
        "@girs/cairo-1.0": "1.0.0-4.0.0-rc.4",
        "@girs/gio-2.0": "2.88.0-4.0.0-rc.4",
        "@girs/glib-2.0": "2.88.0-4.0.0-rc.4",
        "@girs/gobject-2.0": "2.88.0-4.0.0-rc.4"
      }
    },
    "node_modules/@girs/gdk-3.0/node_modules/@girs/glib-2.0": {
      "version": "2.88.0-4.0.0-rc.4",
      "resolved": "https://registry.npmjs.org/@girs/glib-2.0/-/glib-2.0-2.88.0-4.0.0-rc.4.tgz",
      "integrity": "sha512-0KmxN6FcT9pUdfgyFrQYRlk96WIkhmcN9y1jb5Yt6bDsvh1l5JO4gRjIxuJwf8Ocm7/meOMQ47+U5EMzpzmZJA==",
      "dev": true,
      "license": "MIT",
      "dependencies": {
        "@girs/gjs": "4.0.0-rc.4",
        "@girs/gobject-2.0": "2.88.0-4.0.0-rc.4"
      }
    },
    "node_modules/@girs/gdk-3.0/node_modules/@girs/gmodule-2.0": {
      "version": "2.0.0-4.0.0-rc.4",
      "resolved": "https://registry.npmjs.org/@girs/gmodule-2.0/-/gmodule-2.0-2.0.0-4.0.0-rc.4.tgz",
      "integrity": "sha512-nKkQA6xO/B/o6WJrHdG/Tc665tEzY3VvwHUMgrLRmE+QRAULsreAH2AnNlEM2OQf+PqigfaCnYmyTfoD9QsV0Q==",
      "dev": true,
      "license": "MIT",
      "dependencies": {
        "@girs/gjs": "4.0.0-rc.4",
        "@girs/glib-2.0": "2.88.0-4.0.0-rc.4",
        "@girs/gobject-2.0": "2.88.0-4.0.0-rc.4"
      }
    },
    "node_modules/@girs/gdk-3.0/node_modules/@girs/gobject-2.0": {
      "version": "2.88.0-4.0.0-rc.4",
      "resolved": "https://registry.npmjs.org/@girs/gobject-2.0/-/gobject-2.0-2.88.0-4.0.0-rc.4.tgz",
      "integrity": "sha512-/5j3sJ3B9jXu/2gflqijASnfQmN9y1rjVf99WfQcJzz1zYxbtuzoZK3C9aHvDnwJtVkuZuwlbt7LbYFLJzBrvw==",
      "dev": true,
      "license": "MIT",
      "dependencies": {
        "@girs/gjs": "4.0.0-rc.4",
        "@girs/glib-2.0": "2.88.0-4.0.0-rc.4"
      }
    },
    "node_modules/@girs/gdk-3.0/node_modules/@girs/harfbuzz-0.0": {
      "version": "13.2.1-4.0.0-rc.4",
      "resolved": "https://registry.npmjs.org/@girs/harfbuzz-0.0/-/harfbuzz-0.0-13.2.1-4.0.0-rc.4.tgz",
      "integrity": "sha512-wWDO/GJebGKnIkBWVc6KAEaxT7mjjJV7VJhf/3m2TvmlWHofNxNQi7qvORzhpZQh0y4P876R/sPtvsNrx8rL5Q==",
      "dev": true,
      "license": "MIT",
      "dependencies": {
        "@girs/freetype2-2.0": "2.0.0-4.0.0-rc.4",
        "@girs/gjs": "4.0.0-rc.4",
        "@girs/glib-2.0": "2.88.0-4.0.0-rc.4",
        "@girs/gobject-2.0": "2.88.0-4.0.0-rc.4"
      }
    },
    "node_modules/@girs/gdk-3.0/node_modules/@girs/pango-1.0": {
      "version": "1.57.1-4.0.0-rc.4",
      "resolved": "https://registry.npmjs.org/@girs/pango-1.0/-/pango-1.0-1.57.1-4.0.0-rc.4.tgz",
      "integrity": "sha512-SlYr3FlLvBx2+HwP/3Q7MbQs41JSubTZAQTONbDFMxphABgf8yueVaxFbDhLU9f/wgJ8Gaq1Ay3hCMe3KLk1vA==",
      "dev": true,
      "license": "MIT",
      "dependencies": {
        "@girs/cairo-1.0": "1.0.0-4.0.0-rc.4",
        "@girs/freetype2-2.0": "2.0.0-4.0.0-rc.4",
        "@girs/gio-2.0": "2.88.0-4.0.0-rc.4",
        "@girs/gjs": "4.0.0-rc.4",
        "@girs/glib-2.0": "2.88.0-4.0.0-rc.4",
        "@girs/gmodule-2.0": "2.0.0-4.0.0-rc.4",
        "@girs/gobject-2.0": "2.88.0-4.0.0-rc.4",
        "@girs/harfbuzz-0.0": "13.2.1-4.0.0-rc.4"
      }
    },
    "node_modules/@girs/gdk-4.0": {
      "version": "4.0.0-4.0.0-beta.38",
      "resolved": "https://registry.npmmirror.com/@girs/gdk-4.0/-/gdk-4.0-4.0.0-4.0.0-beta.38.tgz",
      "integrity": "sha512-hk6SG4pCcezKp2VNxJc0TC1gkZe3C8shD8sRQ3bUGyWl/9581WM2/8UU+W6fOf3SwXA1hquN6d3SjKbqkFNRKg==",
      "dev": true,
      "license": "MIT",
      "dependencies": {
        "@girs/cairo-1.0": "1.0.0-4.0.0-beta.38",
        "@girs/freetype2-2.0": "2.0.0-4.0.0-beta.38",
        "@girs/gdkpixbuf-2.0": "2.0.0-4.0.0-beta.38",
        "@girs/gio-2.0": "2.86.0-4.0.0-beta.38",
        "@girs/gjs": "4.0.0-beta.38",
        "@girs/glib-2.0": "2.86.0-4.0.0-beta.38",
        "@girs/gmodule-2.0": "2.0.0-4.0.0-beta.38",
        "@girs/gobject-2.0": "2.86.0-4.0.0-beta.38",
        "@girs/harfbuzz-0.0": "11.5.0-4.0.0-beta.38",
        "@girs/pango-1.0": "1.57.0-4.0.0-beta.38",
        "@girs/pangocairo-1.0": "1.0.0-4.0.0-beta.38"
      }
    },
    "node_modules/@girs/gdkpixbuf-2.0": {
      "version": "2.0.0-4.0.0-beta.38",
      "resolved": "https://registry.npmmirror.com/@girs/gdkpixbuf-2.0/-/gdkpixbuf-2.0-2.0.0-4.0.0-beta.38.tgz",
      "integrity": "sha512-L8NE18rhj100lRGMnf7lNUdr6pHw2co1UtExxDnglba5lNee4NoyF/u8g4Mk3toPU0fAu+ug91HJ4o2mIJd7MQ==",
      "dev": true,
      "license": "MIT",
      "dependencies": {
        "@girs/gio-2.0": "2.86.0-4.0.0-beta.38",
        "@girs/gjs": "4.0.0-beta.38",
        "@girs/glib-2.0": "2.86.0-4.0.0-beta.38",
        "@girs/gmodule-2.0": "2.0.0-4.0.0-beta.38",
        "@girs/gobject-2.0": "2.86.0-4.0.0-beta.38"
      }
    },
    "node_modules/@girs/gio-2.0": {
      "version": "2.86.0-4.0.0-beta.38",
      "resolved": "https://registry.npmmirror.com/@girs/gio-2.0/-/gio-2.0-2.86.0-4.0.0-beta.38.tgz",
      "integrity": "sha512-hKCyDEqSIgqcZeFf63KNrUnrYtAuJ0yfIypbdLgNEMbJBPQ/e3ZiwzWa7i3OPCh52Cnl9qYRdj8MSbZndpyZiQ==",
      "dev": true,
      "license": "MIT",
      "dependencies": {
        "@girs/gjs": "4.0.0-beta.38",
        "@girs/glib-2.0": "2.86.0-4.0.0-beta.38",
        "@girs/gmodule-2.0": "2.0.0-4.0.0-beta.38",
        "@girs/gobject-2.0": "2.86.0-4.0.0-beta.38"
      }
    },
    "node_modules/@girs/giounix-2.0": {
      "version": "2.0.0-4.0.0-beta.38",
      "resolved": "https://registry.npmmirror.com/@girs/giounix-2.0/-/giounix-2.0-2.0.0-4.0.0-beta.38.tgz",
      "integrity": "sha512-dSEbx3f/qFQTJLDFYy8DK5YRMtNc3RnWTuTaaKVN8FMeTiJRLVED+uv5LLR1zvjGac0R1mg0wqpwRTybVhfUXA==",
      "dev": true,
      "license": "MIT",
      "dependencies": {
        "@girs/gio-2.0": "2.86.0-4.0.0-beta.38",
        "@girs/gjs": "4.0.0-beta.38",
        "@girs/glib-2.0": "2.86.0-4.0.0-beta.38",
        "@girs/gmodule-2.0": "2.0.0-4.0.0-beta.38",
        "@girs/gobject-2.0": "2.86.0-4.0.0-beta.38"
      }
    },
    "node_modules/@girs/gjs": {
      "version": "4.0.0-beta.38",
      "resolved": "https://registry.npmmirror.com/@girs/gjs/-/gjs-4.0.0-beta.38.tgz",
      "integrity": "sha512-eI/9lfI1mQpXN8RsKiNRFWJso6LgQe9Eb+YxLAdKarD5fccvIRx3chsyIyhw5tYH7VvgaZkqm1c4GX7pDDokBQ==",
      "dev": true,
      "license": "MIT",
      "dependencies": {
        "@girs/cairo-1.0": "1.0.0-4.0.0-beta.38",
        "@girs/gio-2.0": "2.86.0-4.0.0-beta.38",
        "@girs/glib-2.0": "2.86.0-4.0.0-beta.38",
        "@girs/gobject-2.0": "2.86.0-4.0.0-beta.38"
      }
    },
    "node_modules/@girs/glib-2.0": {
      "version": "2.86.0-4.0.0-beta.38",
      "resolved": "https://registry.npmmirror.com/@girs/glib-2.0/-/glib-2.0-2.86.0-4.0.0-beta.38.tgz",
      "integrity": "sha512-TFbrh5+Y3pb61synbhi37VrRzh0e+JQaRCzfGbe7oewUq0v7Sb8eSi2Fmj98r5tCizaRYptqgt6bxG7G5cFzVg==",
      "dev": true,
      "license": "MIT",
      "dependencies": {
        "@girs/gjs": "4.0.0-beta.38",
        "@girs/gobject-2.0": "2.86.0-4.0.0-beta.38"
      }
    },
    "node_modules/@girs/gmodule-2.0": {
      "version": "2.0.0-4.0.0-beta.38",
      "resolved": "https://registry.npmmirror.com/@girs/gmodule-2.0/-/gmodule-2.0-2.0.0-4.0.0-beta.38.tgz",
      "integrity": "sha512-BmspJtwdBSfCJRZQMxn3gx6H9FNcoqCebFXK2UKknq18DIo8U2q4iN/jQBWPoLh2siK9LhCdL2egoyXteTy1NA==",
      "dev": true,
      "license": "MIT",
      "dependencies": {
        "@girs/gjs": "4.0.0-beta.38",
        "@girs/glib-2.0": "2.86.0-4.0.0-beta.38",
        "@girs/gobject-2.0": "2.86.0-4.0.0-beta.38"
      }
    },
    "node_modules/@girs/gobject-2.0": {
      "version": "2.86.0-4.0.0-beta.38",
      "resolved": "https://registry.npmmirror.com/@girs/gobject-2.0/-/gobject-2.0-2.86.0-4.0.0-beta.38.tgz",
      "integrity": "sha512-oYrm6Gb/tCQosMkN8Beu5jqGRkJ7LED4O1H1dKYOI4SnP1Ojb66A9ECy78yTO8piBtMopsbRODV81yKniVtKKA==",
      "dev": true,
      "license": "MIT",
      "dependencies": {
        "@girs/gjs": "4.0.0-beta.38",
        "@girs/glib-2.0": "2.86.0-4.0.0-beta.38"
      }
    },
    "node_modules/@girs/graphene-1.0": {
      "version": "1.0.0-4.0.0-beta.38",
      "resolved": "https://registry.npmmirror.com/@girs/graphene-1.0/-/graphene-1.0-1.0.0-4.0.0-beta.38.tgz",
      "integrity": "sha512-zqCyLXFqsOJtCnwUR6lI6HBVdaJ6aKsA25y+6xK2dFO/NChOjH0hmBuVyTQiyLe+4jGW700o+uYIYlrpEXT/7Q==",
      "dev": true,
      "license": "MIT",
      "dependencies": {
        "@girs/gjs": "4.0.0-beta.38",
        "@girs/glib-2.0": "2.86.0-4.0.0-beta.38",
        "@girs/gobject-2.0": "2.86.0-4.0.0-beta.38"
      }
    },
    "node_modules/@girs/gsk-4.0": {
      "version": "4.0.0-4.0.0-beta.38",
      "resolved": "https://registry.npmmirror.com/@girs/gsk-4.0/-/gsk-4.0-4.0.0-4.0.0-beta.38.tgz",
      "integrity": "sha512-BfYpVfmKjD7Tq58W5p9fcU6Mvg3QcNRjJ1oQn05d/Xk1rjQmsk6tkcTkK3i/KIOhA9eVadQsMlFFWuN0KBE5Dw==",
      "dev": true,
      "license": "MIT",
      "dependencies": {
        "@girs/cairo-1.0": "1.0.0-4.0.0-beta.38",
        "@girs/freetype2-2.0": "2.0.0-4.0.0-beta.38",
        "@girs/gdk-4.0": "4.0.0-4.0.0-beta.38",
        "@girs/gdkpixbuf-2.0": "2.0.0-4.0.0-beta.38",
        "@girs/gio-2.0": "2.86.0-4.0.0-beta.38",
        "@girs/gjs": "4.0.0-beta.38",
        "@girs/glib-2.0": "2.86.0-4.0.0-beta.38",
        "@girs/gmodule-2.0": "2.0.0-4.0.0-beta.38",
        "@girs/gobject-2.0": "2.86.0-4.0.0-beta.38",
        "@girs/graphene-1.0": "1.0.0-4.0.0-beta.38",
        "@girs/harfbuzz-0.0": "11.5.0-4.0.0-beta.38",
        "@girs/pango-1.0": "1.57.0-4.0.0-beta.38",
        "@girs/pangocairo-1.0": "1.0.0-4.0.0-beta.38"
      }
    },
    "node_modules/@girs/gtk-3.0": {
      "version": "3.24.53-4.0.0-rc.4",
      "resolved": "https://registry.npmjs.org/@girs/gtk-3.0/-/gtk-3.0-3.24.53-4.0.0-rc.4.tgz",
      "integrity": "sha512-A4QxKnhziH+hmhhkiuFgVc3bvkO8vBwAP0zzabUXCJ47hbM+f7Gx6MDuvqt9ZM/zsN4tXCqNJrULewcb6Y3Sfw==",
      "dev": true,
      "license": "MIT",
      "dependencies": {
        "@girs/atk-1.0": "2.60.0-4.0.0-rc.4",
        "@girs/cairo-1.0": "1.0.0-4.0.0-rc.4",
        "@girs/freetype2-2.0": "2.0.0-4.0.0-rc.4",
        "@girs/gdk-3.0": "3.24.53-4.0.0-rc.4",
        "@girs/gdkpixbuf-2.0": "2.0.0-4.0.0-rc.4",
        "@girs/gio-2.0": "2.88.0-4.0.0-rc.4",
        "@girs/gjs": "4.0.0-rc.4",
        "@girs/glib-2.0": "2.88.0-4.0.0-rc.4",
        "@girs/gmodule-2.0": "2.0.0-4.0.0-rc.4",
        "@girs/gobject-2.0": "2.88.0-4.0.0-rc.4",
        "@girs/harfbuzz-0.0": "13.2.1-4.0.0-rc.4",
        "@girs/pango-1.0": "1.57.1-4.0.0-rc.4",
        "@girs/xlib-2.0": "2.0.0-4.0.0-rc.4"
      }
    },
    "node_modules/@girs/gtk-3.0/node_modules/@girs/cairo-1.0": {
      "version": "1.0.0-4.0.0-rc.4",
      "resolved": "https://registry.npmjs.org/@girs/cairo-1.0/-/cairo-1.0-1.0.0-4.0.0-rc.4.tgz",
      "integrity": "sha512-qBDdR1OtUnTwFLK1CfbUDzuLy8m3ZjcXGsD0P1NT2AiRVXRKs5gFLaH5iZ2Fxe/2BxeqjTYR8akesFpz1clBsQ==",
      "dev": true,
      "license": "MIT",
      "dependencies": {
        "@girs/gjs": "4.0.0-rc.4",
        "@girs/glib-2.0": "2.88.0-4.0.0-rc.4",
        "@girs/gobject-2.0": "2.88.0-4.0.0-rc.4"
      }
    },
    "node_modules/@girs/gtk-3.0/node_modules/@girs/freetype2-2.0": {
      "version": "2.0.0-4.0.0-rc.4",
      "resolved": "https://registry.npmjs.org/@girs/freetype2-2.0/-/freetype2-2.0-2.0.0-4.0.0-rc.4.tgz",
      "integrity": "sha512-rONO4ZdSBKb7/InosphsYOqUt6TuE8TBaGU7X/mXhzI/qD8PN3zAcYeZd3GLHqa83WFSiQJgTahsDsnkw4QBIg==",
      "dev": true,
      "license": "MIT",
      "dependencies": {
        "@girs/gjs": "4.0.0-rc.4",
        "@girs/gobject-2.0": "2.88.0-4.0.0-rc.4"
      }
    },
    "node_modules/@girs/gtk-3.0/node_modules/@girs/gdkpixbuf-2.0": {
      "version": "2.0.0-4.0.0-rc.4",
      "resolved": "https://registry.npmjs.org/@girs/gdkpixbuf-2.0/-/gdkpixbuf-2.0-2.0.0-4.0.0-rc.4.tgz",
      "integrity": "sha512-R6v0A8UKUCuHvRuCSMN96cFQ00yB7r7WGTavoYgv7ixIkZZPXovz7WAIFyqjhQCoUQ1gXwcd+d+JDxLsYxg83Q==",
      "dev": true,
      "license": "MIT",
      "dependencies": {
        "@girs/gio-2.0": "2.88.0-4.0.0-rc.4",
        "@girs/gjs": "4.0.0-rc.4",
        "@girs/glib-2.0": "2.88.0-4.0.0-rc.4",
        "@girs/gmodule-2.0": "2.0.0-4.0.0-rc.4",
        "@girs/gobject-2.0": "2.88.0-4.0.0-rc.4"
      }
    },
    "node_modules/@girs/gtk-3.0/node_modules/@girs/gio-2.0": {
      "version": "2.88.0-4.0.0-rc.4",
      "resolved": "https://registry.npmjs.org/@girs/gio-2.0/-/gio-2.0-2.88.0-4.0.0-rc.4.tgz",
      "integrity": "sha512-mrmtA7VBHKZ7JY6yRL1Z9M0tLNmL4S+7XNcIhTwxRQK0GGysZj5/DfY8JVdWgIJ+k+EYiB9qH3SPJuM/0Q6/sw==",
      "dev": true,
      "license": "MIT",
      "dependencies": {
        "@girs/gjs": "4.0.0-rc.4",
        "@girs/glib-2.0": "2.88.0-4.0.0-rc.4",
        "@girs/gmodule-2.0": "2.0.0-4.0.0-rc.4",
        "@girs/gobject-2.0": "2.88.0-4.0.0-rc.4"
      }
    },
    "node_modules/@girs/gtk-3.0/node_modules/@girs/gjs": {
      "version": "4.0.0-rc.4",
      "resolved": "https://registry.npmjs.org/@girs/gjs/-/gjs-4.0.0-rc.4.tgz",
      "integrity": "sha512-+UBaMldArYuoMiPZK3K9mjjl1pSPHl07l9LQoOF5HJeGpejLDXROCUhY3L0SRS1iGRSDp0KX6XXB3D4xuYAX2A==",
      "dev": true,
      "license": "MIT",
      "dependencies": {
        "@girs/cairo-1.0": "1.0.0-4.0.0-rc.4",
        "@girs/gio-2.0": "2.88.0-4.0.0-rc.4",
        "@girs/glib-2.0": "2.88.0-4.0.0-rc.4",
        "@girs/gobject-2.0": "2.88.0-4.0.0-rc.4"
      }
    },
    "node_modules/@girs/gtk-3.0/node_modules/@girs/glib-2.0": {
      "version": "2.88.0-4.0.0-rc.4",
      "resolved": "https://registry.npmjs.org/@girs/glib-2.0/-/glib-2.0-2.88.0-4.0.0-rc.4.tgz",
      "integrity": "sha512-0KmxN6FcT9pUdfgyFrQYRlk96WIkhmcN9y1jb5Yt6bDsvh1l5JO4gRjIxuJwf8Ocm7/meOMQ47+U5EMzpzmZJA==",
      "dev": true,
      "license": "MIT",
      "dependencies": {
        "@girs/gjs": "4.0.0-rc.4",
        "@girs/gobject-2.0": "2.88.0-4.0.0-rc.4"
      }
    },
    "node_modules/@girs/gtk-3.0/node_modules/@girs/gmodule-2.0": {
      "version": "2.0.0-4.0.0-rc.4",
      "resolved": "https://registry.npmjs.org/@girs/gmodule-2.0/-/gmodule-2.0-2.0.0-4.0.0-rc.4.tgz",
      "integrity": "sha512-nKkQA6xO/B/o6WJrHdG/Tc665tEzY3VvwHUMgrLRmE+QRAULsreAH2AnNlEM2OQf+PqigfaCnYmyTfoD9QsV0Q==",
      "dev": true,
      "license": "MIT",
      "dependencies": {
        "@girs/gjs": "4.0.0-rc.4",
        "@girs/glib-2.0": "2.88.0-4.0.0-rc.4",
        "@girs/gobject-2.0": "2.88.0-4.0.0-rc.4"
      }
    },
    "node_modules/@girs/gtk-3.0/node_modules/@girs/gobject-2.0": {
      "version": "2.88.0-4.0.0-rc.4",
      "resolved": "https://registry.npmjs.org/@girs/gobject-2.0/-/gobject-2.0-2.88.0-4.0.0-rc.4.tgz",
      "integrity": "sha512-/5j3sJ3B9jXu/2gflqijASnfQmN9y1rjVf99WfQcJzz1zYxbtuzoZK3C9aHvDnwJtVkuZuwlbt7LbYFLJzBrvw==",
      "dev": true,
      "license": "MIT",
      "dependencies": {
        "@girs/gjs": "4.0.0-rc.4",
        "@girs/glib-2.0": "2.88.0-4.0.0-rc.4"
      }
    },
    "node_modules/@girs/gtk-3.0/node_modules/@girs/harfbuzz-0.0": {
      "version": "13.2.1-4.0.0-rc.4",
      "resolved": "https://registry.npmjs.org/@girs/harfbuzz-0.0/-/harfbuzz-0.0-13.2.1-4.0.0-rc.4.tgz",
      "integrity": "sha512-wWDO/GJebGKnIkBWVc6KAEaxT7mjjJV7VJhf/3m2TvmlWHofNxNQi7qvORzhpZQh0y4P876R/sPtvsNrx8rL5Q==",
      "dev": true,
      "license": "MIT",
      "dependencies": {
        "@girs/freetype2-2.0": "2.0.0-4.0.0-rc.4",
        "@girs/gjs": "4.0.0-rc.4",
        "@girs/glib-2.0": "2.88.0-4.0.0-rc.4",
        "@girs/gobject-2.0": "2.88.0-4.0.0-rc.4"
      }
    },
    "node_modules/@girs/gtk-3.0/node_modules/@girs/pango-1.0": {
      "version": "1.57.1-4.0.0-rc.4",
      "resolved": "https://registry.npmjs.org/@girs/pango-1.0/-/pango-1.0-1.57.1-4.0.0-rc.4.tgz",
      "integrity": "sha512-SlYr3FlLvBx2+HwP/3Q7MbQs41JSubTZAQTONbDFMxphABgf8yueVaxFbDhLU9f/wgJ8Gaq1Ay3hCMe3KLk1vA==",
      "dev": true,
      "license": "MIT",
      "dependencies": {
        "@girs/cairo-1.0": "1.0.0-4.0.0-rc.4",
        "@girs/freetype2-2.0": "2.0.0-4.0.0-rc.4",
        "@girs/gio-2.0": "2.88.0-4.0.0-rc.4",
        "@girs/gjs": "4.0.0-rc.4",
        "@girs/glib-2.0": "2.88.0-4.0.0-rc.4",
        "@girs/gmodule-2.0": "2.0.0-4.0.0-rc.4",
        "@girs/gobject-2.0": "2.88.0-4.0.0-rc.4",
        "@girs/harfbuzz-0.0": "13.2.1-4.0.0-rc.4"
      }
    },
    "node_modules/@girs/gtk-4.0": {
      "version": "4.20.1-4.0.0-beta.38",
      "resolved": "https://registry.npmmirror.com/@girs/gtk-4.0/-/gtk-4.0-4.20.1-4.0.0-beta.38.tgz",
      "integrity": "sha512-lNujJDta1YK3/9Inp5HrtF/JOMN5EmD+3U7diRTyWNzc2KdaN2jO2mk90taaGK28xhoCC+VESkFkQAgFTwZXWw==",
      "dev": true,
      "license": "MIT",
      "dependencies": {
        "@girs/cairo-1.0": "1.0.0-4.0.0-beta.38",
        "@girs/freetype2-2.0": "2.0.0-4.0.0-beta.38",
        "@girs/gdk-4.0": "4.0.0-4.0.0-beta.38",
        "@girs/gdkpixbuf-2.0": "2.0.0-4.0.0-beta.38",
        "@girs/gio-2.0": "2.86.0-4.0.0-beta.38",
        "@girs/gjs": "4.0.0-beta.38",
        "@girs/glib-2.0": "2.86.0-4.0.0-beta.38",
        "@girs/gmodule-2.0": "2.0.0-4.0.0-beta.38",
        "@girs/gobject-2.0": "2.86.0-4.0.0-beta.38",
        "@girs/graphene-1.0": "1.0.0-4.0.0-beta.38",
        "@girs/gsk-4.0": "4.0.0-4.0.0-beta.38",
        "@girs/harfbuzz-0.0": "11.5.0-4.0.0-beta.38",
        "@girs/pango-1.0": "1.57.0-4.0.0-beta.38",
        "@girs/pangocairo-1.0": "1.0.0-4.0.0-beta.38"
      }
    },
    "node_modules/@girs/harfbuzz-0.0": {
      "version": "11.5.0-4.0.0-beta.38",
      "resolved": "https://registry.npmmirror.com/@girs/harfbuzz-0.0/-/harfbuzz-0.0-11.5.0-4.0.0-beta.38.tgz",
      "integrity": "sha512-XRf/neZYpEkinNZ8SCRKIao3RNVJzMeYcjuO1b1tbqVCrN7uVZ+MIaDW5NjWKi0K6IQSyZWdDgkzrtOrIN4CWQ==",
      "dev": true,
      "license": "MIT",
      "dependencies": {
        "@girs/freetype2-2.0": "2.0.0-4.0.0-beta.38",
        "@girs/gjs": "4.0.0-beta.38",
        "@girs/glib-2.0": "2.86.0-4.0.0-beta.38",
        "@girs/gobject-2.0": "2.86.0-4.0.0-beta.38"
      }
    },
    "node_modules/@girs/pango-1.0": {
      "version": "1.57.0-4.0.0-beta.38",
      "resolved": "https://registry.npmmirror.com/@girs/pango-1.0/-/pango-1.0-1.57.0-4.0.0-beta.38.tgz",
      "integrity": "sha512-fnTzVVhKb4XjGrnuqk9X++KDe2bk84Hg5472O2UrtIT1A6dzMS6gWhSvaw0ULZH/Ypj9WN12B0oceWynR6unLw==",
      "dev": true,
      "license": "MIT",
      "dependencies": {
        "@girs/cairo-1.0": "1.0.0-4.0.0-beta.38",
        "@girs/freetype2-2.0": "2.0.0-4.0.0-beta.38",
        "@girs/gio-2.0": "2.86.0-4.0.0-beta.38",
        "@girs/gjs": "4.0.0-beta.38",
        "@girs/glib-2.0": "2.86.0-4.0.0-beta.38",
        "@girs/gmodule-2.0": "2.0.0-4.0.0-beta.38",
        "@girs/gobject-2.0": "2.86.0-4.0.0-beta.38",
        "@girs/harfbuzz-0.0": "11.5.0-4.0.0-beta.38"
      }
    },
    "node_modules/@girs/pangocairo-1.0": {
      "version": "1.0.0-4.0.0-beta.38",
      "resolved": "https://registry.npmmirror.com/@girs/pangocairo-1.0/-/pangocairo-1.0-1.0.0-4.0.0-beta.38.tgz",
      "integrity": "sha512-BY4rEgQW0H1c/24v+FGBjSZgZ6rk2Y4+ka9/WldUs74N1ZOh6nS4lHKUyy0antylQ7x0Fnw5UHgN0PbpdjkGuQ==",
      "dev": true,
      "license": "MIT",
      "dependencies": {
        "@girs/cairo-1.0": "1.0.0-4.0.0-beta.38",
        "@girs/freetype2-2.0": "2.0.0-4.0.0-beta.38",
        "@girs/gio-2.0": "2.86.0-4.0.0-beta.38",
        "@girs/gjs": "4.0.0-beta.38",
        "@girs/glib-2.0": "2.86.0-4.0.0-beta.38",
        "@girs/gmodule-2.0": "2.0.0-4.0.0-beta.38",
        "@girs/gobject-2.0": "2.86.0-4.0.0-beta.38",
        "@girs/harfbuzz-0.0": "11.5.0-4.0.0-beta.38",
        "@girs/pango-1.0": "1.57.0-4.0.0-beta.38"
      }
    },
    "node_modules/@girs/xlib-2.0": {
      "version": "2.0.0-4.0.0-rc.4",
      "resolved": "https://registry.npmjs.org/@girs/xlib-2.0/-/xlib-2.0-2.0.0-4.0.0-rc.4.tgz",
      "integrity": "sha512-H4qKwc7TgafDSRtuHZlGFRtJZy9jXT/XPFGunPtZLthVnsAedQvY8QSf6JC0+2K9wGAY2ov201Qw/IZOZ0JEHQ==",
      "dev": true,
      "license": "MIT",
      "dependencies": {
        "@girs/gjs": "4.0.0-rc.4",
        "@girs/gobject-2.0": "2.88.0-4.0.0-rc.4"
      }
    },
    "node_modules/@girs/xlib-2.0/node_modules/@girs/cairo-1.0": {
      "version": "1.0.0-4.0.0-rc.4",
      "resolved": "https://registry.npmjs.org/@girs/cairo-1.0/-/cairo-1.0-1.0.0-4.0.0-rc.4.tgz",
      "integrity": "sha512-qBDdR1OtUnTwFLK1CfbUDzuLy8m3ZjcXGsD0P1NT2AiRVXRKs5gFLaH5iZ2Fxe/2BxeqjTYR8akesFpz1clBsQ==",
      "dev": true,
      "license": "MIT",
      "dependencies": {
        "@girs/gjs": "4.0.0-rc.4",
        "@girs/glib-2.0": "2.88.0-4.0.0-rc.4",
        "@girs/gobject-2.0": "2.88.0-4.0.0-rc.4"
      }
    },
    "node_modules/@girs/xlib-2.0/node_modules/@girs/gio-2.0": {
      "version": "2.88.0-4.0.0-rc.4",
      "resolved": "https://registry.npmjs.org/@girs/gio-2.0/-/gio-2.0-2.88.0-4.0.0-rc.4.tgz",
      "integrity": "sha512-mrmtA7VBHKZ7JY6yRL1Z9M0tLNmL4S+7XNcIhTwxRQK0GGysZj5/DfY8JVdWgIJ+k+EYiB9qH3SPJuM/0Q6/sw==",
      "dev": true,
      "license": "MIT",
      "dependencies": {
        "@girs/gjs": "4.0.0-rc.4",
        "@girs/glib-2.0": "2.88.0-4.0.0-rc.4",
        "@girs/gmodule-2.0": "2.0.0-4.0.0-rc.4",
        "@girs/gobject-2.0": "2.88.0-4.0.0-rc.4"
      }
    },
    "node_modules/@girs/xlib-2.0/node_modules/@girs/gjs": {
      "version": "4.0.0-rc.4",
      "resolved": "https://registry.npmjs.org/@girs/gjs/-/gjs-4.0.0-rc.4.tgz",
      "integrity": "sha512-+UBaMldArYuoMiPZK3K9mjjl1pSPHl07l9LQoOF5HJeGpejLDXROCUhY3L0SRS1iGRSDp0KX6XXB3D4xuYAX2A==",
      "dev": true,
      "license": "MIT",
      "dependencies": {
        "@girs/cairo-1.0": "1.0.0-4.0.0-rc.4",
        "@girs/gio-2.0": "2.88.0-4.0.0-rc.4",
        "@girs/glib-2.0": "2.88.0-4.0.0-rc.4",
        "@girs/gobject-2.0": "2.88.0-4.0.0-rc.4"
      }
    },
    "node_modules/@girs/xlib-2.0/node_modules/@girs/glib-2.0": {
      "version": "2.88.0-4.0.0-rc.4",
      "resolved": "https://registry.npmjs.org/@girs/glib-2.0/-/glib-2.0-2.88.0-4.0.0-rc.4.tgz",
      "integrity": "sha512-0KmxN6FcT9pUdfgyFrQYRlk96WIkhmcN9y1jb5Yt6bDsvh1l5JO4gRjIxuJwf8Ocm7/meOMQ47+U5EMzpzmZJA==",
      "dev": true,
      "license": "MIT",
      "dependencies": {
        "@girs/gjs": "4.0.0-rc.4",
        "@girs/gobject-2.0": "2.88.0-4.0.0-rc.4"
      }
    },
    "node_modules/@girs/xlib-2.0/node_modules/@girs/gmodule-2.0": {
      "version": "2.0.0-4.0.0-rc.4",
      "resolved": "https://registry.npmjs.org/@girs/gmodule-2.0/-/gmodule-2.0-2.0.0-4.0.0-rc.4.tgz",
      "integrity": "sha512-nKkQA6xO/B/o6WJrHdG/Tc665tEzY3VvwHUMgrLRmE+QRAULsreAH2AnNlEM2OQf+PqigfaCnYmyTfoD9QsV0Q==",
      "dev": true,
      "license": "MIT",
      "dependencies": {
        "@girs/gjs": "4.0.0-rc.4",
        "@girs/glib-2.0": "2.88.0-4.0.0-rc.4",
        "@girs/gobject-2.0": "2.88.0-4.0.0-rc.4"
      }
    },
    "node_modules/@girs/xlib-2.0/node_modules/@girs/gobject-2.0": {
      "version": "2.88.0-4.0.0-rc.4",
      "resolved": "https://registry.npmjs.org/@girs/gobject-2.0/-/gobject-2.0-2.88.0-4.0.0-rc.4.tgz",
      "integrity": "sha512-/5j3sJ3B9jXu/2gflqijASnfQmN9y1rjVf99WfQcJzz1zYxbtuzoZK3C9aHvDnwJtVkuZuwlbt7LbYFLJzBrvw==",
      "dev": true,
      "license": "MIT",
      "dependencies": {
        "@girs/gjs": "4.0.0-rc.4",
        "@girs/glib-2.0": "2.88.0-4.0.0-rc.4"
      }
    },
    "node_modules/esbuild": {
      "version": "0.25.0",
      "resolved": "https://registry.npmjs.org/esbuild/-/esbuild-0.25.0.tgz",
      "integrity": "sha512-BXq5mqc8ltbaN34cDqWuYKyNhX8D/Z0J1xdtdQ8UcIIIyJyz+ZMKUt58tF3SrZ85jcfN/PZYhjR5uDQAYNVbuw==",
      "hasInstallScript": true,
      "license": "MIT",
      "bin": {
        "esbuild": "bin/esbuild"
      },
      "engines": {
        "node": ">=18"
      },
      "optionalDependencies": {
        "@esbuild/aix-ppc64": "0.25.0",
        "@esbuild/android-arm": "0.25.0",
        "@esbuild/android-arm64": "0.25.0",
        "@esbuild/android-x64": "0.25.0",
        "@esbuild/darwin-arm64": "0.25.0",
        "@esbuild/darwin-x64": "0.25.0",
        "@esbuild/freebsd-arm64": "0.25.0",
        "@esbuild/freebsd-x64": "0.25.0",
        "@esbuild/linux-arm": "0.25.0",
        "@esbuild/linux-arm64": "0.25.0",
        "@esbuild/linux-ia32": "0.25.0",
        "@esbuild/linux-loong64": "0.25.0",
        "@esbuild/linux-mips64el": "0.25.0",
        "@esbuild/linux-ppc64": "0.25.0",
        "@esbuild/linux-riscv64": "0.25.0",
        "@esbuild/linux-s390x": "0.25.0",
        "@esbuild/linux-x64": "0.25.0",
        "@esbuild/netbsd-arm64": "0.25.0",
        "@esbuild/netbsd-x64": "0.25.0",
        "@esbuild/openbsd-arm64": "0.25.0",
        "@esbuild/openbsd-x64": "0.25.0",
        "@esbuild/sunos-x64": "0.25.0",
        "@esbuild/win32-arm64": "0.25.0",
        "@esbuild/win32-ia32": "0.25.0",
        "@esbuild/win32-x64": "0.25.0"
      }
    },
    "node_modules/typescript": {
      "version": "5.9.3",
      "resolved": "https://registry.npmmirror.com/typescript/-/typescript-5.9.3.tgz",
      "integrity": "sha512-jl1vZzPDinLr9eUt3J/t7V6FgNEw9QjvBPdysz9KfQDD41fQrC2Y4vKQdiaUpFT4bXlb1RHhLpp8wtm6M5TgSw==",
      "dev": true,
      "license": "Apache-2.0",
      "bin": {
        "tsc": "bin/tsc",
        "tsserver": "bin/tsserver"
      },
      "engines": {
        "node": ">=14.17"
      }
    }
  }
}
